<?xml version="1.0" encoding="utf-8"?>
<Project ToolsVersion="4.0" xmlns="http://schemas.microsoft.com/developer/msbuild/2003">
  <ItemGroup>
    <Filter Include="Source Files">
      <UniqueIdentifier>{4FC737F1-C7A5-4376-A066-2A32D752A2FF}</UniqueIdentifier>
      <Extensions>cpp;c;cc;cxx;def;odl;idl;hpj;bat;asm;asmx</Extensions>
    </Filter>
    <Filter Include="Header Files">
      <UniqueIdentifier>{93995380-89BD-4b04-88EB-625FBE52EBFB}</UniqueIdentifier>
      <Extensions>h;hpp;hxx;hm;inl;inc;xsd</Extensions>
    </Filter>
    <Filter Include="Resource Files">
      <UniqueIdentifier>{67DA6AB6-F800-4c08-8B7A-83BB121AAD01}</UniqueIdentifier>
      <Extensions>rc;ico;cur;bmp;dlg;rc2;rct;bin;rgs;gif;jpg;jpeg;jpe;resx;tiff;tif;png;wav</Extensions>
    </Filter>
    <Filter Include="Blocks">
      <UniqueIdentifier>{4892857F-26FF-4794-9A17-2C2B5E035222}</UniqueIdentifier>
    </Filter>
    <Filter Include="Blocks\ImGui">
      <UniqueIdentifier>{C7D2E546-D188-4B27-B41F-34BC89029D61}</UniqueIdentifier>
    </Filter>
    <Filter Include="Blocks\ImGui\include">
      <UniqueIdentifier>{9DC7480A-8B54-4693-AF5E-FFB2A0B7725E}</UniqueIdentifier>
    </Filter>
    <Filter Include="Blocks\ImGui\lib">
      <UniqueIdentifier>{AB9A7D7A-1D21-484A-B278-3E945E6E6F9B}</UniqueIdentifier>
    </Filter>
    <Filter Include="Blocks\ImGui\lib\imgui">
      <UniqueIdentifier>{4424EC8F-F21C-4C36-AAF0-2F3659B8F310}</UniqueIdentifier>
    </Filter>
    <Filter Include="Blocks\ImGui\src">
      <UniqueIdentifier>{2D481493-0470-4667-95E0-51BD834190F3}</UniqueIdentifier>
    </Filter>
    <Filter Include="Blocks\Nodes">
      <UniqueIdentifier>{4C602174-1111-44CA-A508-0B627D50E060}</UniqueIdentifier>
    </Filter>
    <Filter Include="Blocks\Nodes\src">
      <UniqueIdentifier>{2E74CE88-7406-4D04-A367-4E61794893E6}</UniqueIdentifier>
    </Filter>
    <Filter Include="Blocks\Nodes\include">
      <UniqueIdentifier>{D12C9B31-969E-4BE7-992E-4F163A278B7C}</UniqueIdentifier>
    </Filter>
    <Filter Include="Blocks\vnm">
      <UniqueIdentifier>{8EEFAF4D-4786-4DD1-872F-DD630BD1FDCB}</UniqueIdentifier>
    </Filter>
    <Filter Include="Blocks\vnm\src">
      <UniqueIdentifier>{43CD78D4-2710-4D34-A4D5-3F97ACEBBF02}</UniqueIdentifier>
    </Filter>
    <Filter Include="Blocks\vnm\include">
      <UniqueIdentifier>{319EA058-94C3-4596-8498-519EB06DF527}</UniqueIdentifier>
    </Filter>
    <Filter Include="Blocks\MeshViewer">
      <UniqueIdentifier>{6f52d3b2-13f1-4e94-a9c5-22e36c264906}</UniqueIdentifier>
    </Filter>
  </ItemGroup>
  <ItemGroup>
    <ClCompile Include="..\src\MiniARApp.cpp">
      <Filter>Source Files</Filter>
    </ClCompile>
    <ClInclude Include="..\include\Resources.h">
      <Filter>Header Files</Filter>
    </ClInclude>
    <ClInclude Include="..\include\item.def">
      <Filter>Header Files</Filter>
    </ClInclude>
    <ClCompile Include="..\src\MiniARApp.cpp">
      <Filter>Source Files</Filter>
    </ClCompile>
    <ClInclude Include="..\..\Cinder\blocks\Cinder-ImGui\include\CinderImGui.h">
      <Filter>Blocks\ImGui\include</Filter>
    </ClInclude>
    <ClInclude Include="..\..\Cinder\blocks\Cinder-ImGui\lib\imgui\imconfig.h">
      <Filter>Blocks\ImGui\lib\imgui</Filter>
    </ClInclude>
    <ClInclude Include="..\..\Cinder\blocks\Cinder-ImGui\lib\imgui\imgui.h">
      <Filter>Blocks\ImGui\lib\imgui</Filter>
    </ClInclude>
    <ClInclude Include="..\..\Cinder\blocks\Cinder-ImGui\lib\imgui\imgui_internal.h">
      <Filter>Blocks\ImGui\lib\imgui</Filter>
    </ClInclude>
    <ClCompile Include="..\..\Cinder\blocks\Cinder-ImGui\src\CinderImGui.cpp">
      <Filter>Blocks\ImGui\src</Filter>
    </ClCompile>
    <ClCompile Include="..\..\Cinder\blocks\Cinder-ImGui\lib\imgui\imgui.cpp">
      <Filter>Blocks\ImGui\lib\imgui</Filter>
    </ClCompile>
    <ClCompile Include="..\..\Cinder\blocks\Cinder-ImGui\lib\imgui\imgui_draw.cpp">
      <Filter>Blocks\ImGui\lib\imgui</Filter>
    </ClCompile>
    <ClCompile Include="..\..\Cinder\blocks\Cinder-ImGui\lib\imgui\imgui_demo.cpp">
      <Filter>Blocks\ImGui\lib\imgui</Filter>
    </ClCompile>
    <ClCompile Include="..\..\Cinder\blocks\Cinder-Nodes\src\Node.cpp">
      <Filter>Blocks\Nodes\src</Filter>
    </ClCompile>
    <ClCompile Include="..\..\Cinder\blocks\Cinder-Nodes\src\Node2D.cpp">
      <Filter>Blocks\Nodes\src</Filter>
    </ClCompile>
    <ClCompile Include="..\..\Cinder\blocks\Cinder-Nodes\src\Node3D.cpp">
      <Filter>Blocks\Nodes\src</Filter>
    </ClCompile>
    <ClCompile Include="..\..\Cinder\blocks\Cinder-Nodes\src\NodeRectangle.cpp">
      <Filter>Blocks\Nodes\src</Filter>
    </ClCompile>
    <ClInclude Include="..\..\Cinder\blocks\Cinder-Nodes\include\Node.h">
      <Filter>Blocks\Nodes\include</Filter>
    </ClInclude>
    <ClInclude Include="..\..\Cinder\blocks\Cinder-Nodes\include\Node2D.h">
      <Filter>Blocks\Nodes\include</Filter>
    </ClInclude>
    <ClInclude Include="..\..\Cinder\blocks\Cinder-Nodes\include\Node3D.h">
      <Filter>Blocks\Nodes\include</Filter>
    </ClInclude>
    <ClInclude Include="..\..\Cinder\blocks\Cinder-Nodes\include\NodeExt.h">
      <Filter>Blocks\Nodes\include</Filter>
    </ClInclude>
    <ClInclude Include="..\..\Cinder\blocks\Cinder-Nodes\include\NodeRectangle.h">
      <Filter>Blocks\Nodes\include</Filter>
    </ClInclude>
    <ClCompile Include="..\..\Cinder\blocks\Cinder-VNM\src\AssetManager.cpp">
      <Filter>Blocks\vnm\src</Filter>
    </ClCompile>
    <ClCompile Include="..\..\Cinder\blocks\Cinder-VNM\src\MiniConfig.cpp">
      <Filter>Blocks\vnm\src</Filter>
    </ClCompile>
    <ClInclude Include="..\..\Cinder\blocks\Cinder-VNM\include\AnsiToUtf.h">
      <Filter>Blocks\vnm\include</Filter>
    </ClInclude>
    <ClInclude Include="..\..\Cinder\blocks\Cinder-VNM\include\AssetManager.h">
      <Filter>Blocks\vnm\include</Filter>
    </ClInclude>
    <ClInclude Include="..\..\Cinder\blocks\Cinder-VNM\include\CaptureHelper.h">
      <Filter>Blocks\vnm\include</Filter>
    </ClInclude>
    <ClInclude Include="..\..\Cinder\blocks\Cinder-VNM\include\FontHelper.h">
      <Filter>Blocks\vnm\include</Filter>
    </ClInclude>
    <ClInclude Include="..\..\Cinder\blocks\Cinder-VNM\include\GlslParamsBuilder.h">
      <Filter>Blocks\vnm\include</Filter>
    </ClInclude>
    <ClInclude Include="..\..\Cinder\blocks\Cinder-VNM\include\GlslParamsBuilderImgui.h">
      <Filter>Blocks\vnm\include</Filter>
    </ClInclude>
    <ClInclude Include="..\..\Cinder\blocks\Cinder-VNM\include\MiniConfig.h">
      <Filter>Blocks\vnm\include</Filter>
    </ClInclude>
    <ClInclude Include="..\..\Cinder\blocks\Cinder-VNM\include\MiniConfigImgui.h">
      <Filter>Blocks\vnm\include</Filter>
    </ClInclude>
    <ClInclude Include="..\..\Cinder\blocks\Cinder-VNM\include\MotionHelper.h">
      <Filter>Blocks\vnm\include</Filter>
    </ClInclude>
    <ClInclude Include="..\..\Cinder\blocks\Cinder-VNM\include\NvOptimusEnablement.h">
      <Filter>Blocks\vnm\include</Filter>
    </ClInclude>
    <ClInclude Include="..\..\Cinder\blocks\Cinder-VNM\include\OscHelper.h">
      <Filter>Blocks\vnm\include</Filter>
    </ClInclude>
    <ClInclude Include="..\..\Cinder\blocks\Cinder-VNM\include\StateMachine.h">
      <Filter>Blocks\vnm\include</Filter>
    </ClInclude>
    <ClInclude Include="..\..\Cinder\blocks\Cinder-VNM\include\TextureHelper.h">
      <Filter>Blocks\vnm\include</Filter>
    </ClInclude>
    <ClInclude Include="..\..\Cinder\blocks\Cinder-VNM\include\TuioHelper.h">
      <Filter>Blocks\vnm\include</Filter>
    </ClInclude>
    <ClCompile Include="..\..\Cinder\blocks\Cinder-MeshViewer\include\read_vox.cpp">
      <Filter>Blocks\MeshViewer</Filter>
    </ClCompile>
    <ClCompile Include="..\..\Cinder\blocks\Cinder-MeshViewer\include\syoyo\tiny_gltf.cc">
      <Filter>Blocks\MeshViewer</Filter>
    </ClCompile>
    <ClCompile Include="..\..\Cinder\blocks\Cinder-MeshViewer\include\syoyo\tiny_obj_loader.cc">
      <Filter>Blocks\MeshViewer</Filter>
    </ClCompile>
    <ClCompile Include="..\..\Cinder\blocks\Cinder-MeshViewer\src\cigltf.cpp">
      <Filter>Blocks\MeshViewer</Filter>
    </ClCompile>
    <ClCompile Include="..\..\Cinder\blocks\Cinder-MeshViewer\src\ciobj.cpp">
      <Filter>Blocks\MeshViewer</Filter>
    </ClCompile>
    <ClCompile Include="..\..\Cinder\blocks\Cinder-ImGui\lib\imgui\imgui_widgets.cpp">
      <Filter>Blocks\ImGui\lib\imgui</Filter>
    </ClCompile>
  </ItemGroup>
  <ItemGroup>
    <ClInclude Include="..\include\Resources.h">
      <Filter>Header Files</Filter>
    </ClInclude>
    <ClInclude Include="..\..\Cinder\blocks\Cinder-MeshViewer\include\cigltf.h">
      <Filter>Blocks\MeshViewer</Filter>
    </ClInclude>
    <ClInclude Include="..\..\Cinder\blocks\Cinder-MeshViewer\include\CinderMeshViewer.h">
      <Filter>Blocks\MeshViewer</Filter>
    </ClInclude>
    <ClInclude Include="..\..\Cinder\blocks\Cinder-MeshViewer\include\ciobj.h">
      <Filter>Blocks\MeshViewer</Filter>
    </ClInclude>
    <ClInclude Include="..\..\Cinder\blocks\Cinder-MeshViewer\include\civox.h">
      <Filter>Blocks\MeshViewer</Filter>
    </ClInclude>
    <ClInclude Include="..\..\Cinder\blocks\Cinder-MeshViewer\include\read_vox.h">
      <Filter>Blocks\MeshViewer</Filter>
    </ClInclude>
    <ClInclude Include="..\..\Cinder\blocks\Cinder-MeshViewer\include\syoyo\json.hpp">
      <Filter>Blocks\MeshViewer</Filter>
    </ClInclude>
    <ClInclude Include="..\..\Cinder\blocks\Cinder-MeshViewer\include\syoyo\stb_image.h">
      <Filter>Blocks\MeshViewer</Filter>
    </ClInclude>
    <ClInclude Include="..\..\Cinder\blocks\Cinder-MeshViewer\include\syoyo\stb_image_write.h">
      <Filter>Blocks\MeshViewer</Filter>
    </ClInclude>
    <ClInclude Include="..\..\Cinder\blocks\Cinder-MeshViewer\include\syoyo\tiny_gltf.h">
      <Filter>Blocks\MeshViewer</Filter>
    </ClInclude>
    <ClInclude Include="..\..\Cinder\blocks\Cinder-MeshViewer\include\syoyo\tiny_obj_loader.h">
      <Filter>Blocks\MeshViewer</Filter>
    </ClInclude>
  </ItemGroup>
  <ItemGroup>
    <ResourceCompile Include="Resources.rc">
      <Filter>Resource Files</Filter>
    </ResourceCompile>
  </ItemGroup>
</Project>